{
  "lockfile_version": "1",
  "packages": {
    "github:NixOS/nixpkgs/nixpkgs-unstable": {
      "last_modified": "2025-10-18T10:07:23Z",
      "resolved": "github:NixOS/nixpkgs/36226520e9f7a35bf341cbe3b6a1ff9047bec6d9?lastModified=1760782043"
    },
    "watchexec@latest": {
      "last_modified": "2024-11-16T04:25:12Z",
      "resolved": "github:NixOS/nixpkgs/34a626458d686f1b58139620a8b2793e9e123bba#watchexec",
      "source": "devbox-search",
      "version": "2.2.0",
      "systems": {
        "aarch64-darwin": {
          "outputs": [
            {
              "name": "out",
              "path": "/nix/store/7ky02jx15zvw94bn60slkpr9db76v6k8-watchexec-2.2.0",
              "default": true
            }
          ],
          "store_path": "/nix/store/7ky02jx15zvw94bn60slkpr9db76v6k8-watchexec-2.2.0"
        },
        "aarch64-linux": {
          "outputs": [
            {
              "name": "out",
              "path": "/nix/store/z17jl0z2386rfj8lybpjmb474w91w96i-watchexec-2.2.0",
              "default": true
            }
          ],
          "store_path": "/nix/store/z17jl0z2386rfj8lybpjmb474w91w96i-watchexec-2.2.0"
        },
        "x86_64-darwin": {
          "outputs": [
            {
              "name": "out",
              "path": "/nix/store/9qgwjcx9f939k2vxkddwlddgrpf7r86s-watchexec-2.2.0",
              "default": true
            }
          ],
          "store_path": "/nix/store/9qgwjcx9f939k2vxkddwlddgrpf7r86s-watchexec-2.2.0"
        },
        "x86_64-linux": {
          "outputs": [
            {
              "name": "out",
              "path": "/nix/store/g8v4p1dnw9w164fy9is845ji86y9dm62-watchexec-2.2.0",
              "default": true
            }
          ],
          "store_path": "/nix/store/g8v4p1dnw9w164fy9is845ji86y9dm62-watchexec-2.2.0"
        }
      }
    },
    "zig@0.15.1": {
      "last_modified": "2025-10-07T08:41:47Z",
      "resolved": "github:NixOS/nixpkgs/bce5fe2bb998488d8e7e7856315f90496723793c#zig",
      "source": "devbox-search",
      "version": "0.15.1",
      "systems": {
        "aarch64-darwin": {
          "outputs": [
            {
              "name": "out",
              "path": "/nix/store/ajisdf8wkhxw4kdw9szgim55m2xn2qjb-zig-0.15.1",
              "default": true
            },
            {
              "name": "doc",
              "path": "/nix/store/i9vj1c0jh720adp1sq84zw3ppibl5bm1-zig-0.15.1-doc"
            }
          ],
          "store_path": "/nix/store/ajisdf8wkhxw4kdw9szgim55m2xn2qjb-zig-0.15.1"
        },
        "aarch64-linux": {
          "outputs": [
            {
              "name": "out",
              "path": "/nix/store/4mf5pz6kbrj35gf7xp4771l8z8kj8h07-zig-0.15.1",
              "default": true
            },
            {
              "name": "doc",
              "path": "/nix/store/9m4iwgdmq7gwpypjvw2knvb0g1n0y92s-zig-0.15.1-doc"
            }
          ],
          "store_path": "/nix/store/4mf5pz6kbrj35gf7xp4771l8z8kj8h07-zig-0.15.1"
        },
        "x86_64-linux": {
          "outputs": [
            {
              "name": "out",
              "path": "/nix/store/q7ym78ggwsd3ahbcamjqafsagvsg9hvi-zig-0.15.1",
              "default": true
            },
            {
              "name": "doc",
              "path": "/nix/store/z4ljkapr3k1dqrm9r4djy6gmmxkmmbjv-zig-0.15.1-doc"
            }
          ],
          "store_path": "/nix/store/q7ym78ggwsd3ahbcamjqafsagvsg9hvi-zig-0.15.1"
        }
      }
    },
    "zls@0.15.0": {
      "last_modified": "2025-10-22T20:59:19Z",
      "resolved": "github:NixOS/nixpkgs/01b6809f7f9d1183a2b3e081f0a1e6f8f415cb09#zls",
      "source": "devbox-search",
      "version": "0.15.0",
      "systems": {
        "aarch64-darwin": {
          "outputs": [
            {
              "name": "out",
              "path": "/nix/store/nxkay31rx8fzbavybjw8h129hs50hhvb-zls-0.15.0",
              "default": true
            }
          ],
          "store_path": "/nix/store/nxkay31rx8fzbavybjw8h129hs50hhvb-zls-0.15.0"
        },
        "aarch64-linux": {
          "outputs": [
            {
              "name": "out",
              "path": "/nix/store/8iyf03snlw8i4kg8al2dcbqxv8c59w84-zls-0.15.0",
              "default": true
            }
          ],
          "store_path": "/nix/store/8iyf03snlw8i4kg8al2dcbqxv8c59w84-zls-0.15.0"
        },
        "x86_64-darwin": {
          "outputs": [
            {
              "name": "out",
              "path": "/nix/store/f307sjk43awqzimz67k15nz65dlmrpkp-zls-0.15.0",
              "default": true
            }
          ],
          "store_path": "/nix/store/f307sjk43awqzimz67k15nz65dlmrpkp-zls-0.15.0"
        },
        "x86_64-linux": {
          "outputs": [
            {
              "name": "out",
              "path": "/nix/store/516i1kj9wqf9smw5wg3apqdwacy8y3m3-zls-0.15.0",
              "default": true
            }
          ],
          "store_path": "/nix/store/516i1kj9wqf9smw5wg3apqdwacy8y3m3-zls-0.15.0"
        }
      }
    }
  }
}
